
Microsoft Visual Studio Solution File, Format Version 12.00
# Visual Studio Version 17
VisualStudioVersion = 17.10.35004.147
MinimumVisualStudioVersion = 10.0.40219.1
Project("{8BC9CEB8-8B4A-11D0-8D11-00A0C91BC942}") = "cpp_struct", "cpp_struct.vcxproj", "{180ADBD6-0464-4D4A-80E8-FC962A36128F}"
EndProject
Global
	GlobalSection(SolutionConfigurationPlatforms) = preSolution
		Debug|x64 = Debug|x64
		Debug|x86 = Debug|x86
		Release|x64 = Release|x64
		Release|x86 = Release|x86
	EndGlobalSection
	GlobalSection(ProjectConfigurationPlatforms) = postSolution
		{180ADBD6-0464-4D4A-80E8-FC962A36128F}.Debug|x64.ActiveCfg = Debug|x64
		{180ADBD6-0464-4D4A-80E8-FC962A36128F}.Debug|x64.Build.0 = Debug|x64
		{180ADBD6-0464-4D4A-80E8-FC962A36128F}.Debug|x86.ActiveCfg = Debug|Win32
		{180ADBD6-0464-4D4A-80E8-FC962A36128F}.Debug|x86.Build.0 = Debug|Win32
		{180ADBD6-0464-4D4A-80E8-FC962A36128F}.Release|x64.ActiveCfg = Release|x64
		{180ADBD6-0464-4D4A-80E8-FC962A36128F}.Release|x64.Build.0 = Release|x64
		{180ADBD6-0464-4D4A-80E8-FC962A36128F}.Release|x86.ActiveCfg = Release|Win32
		{180ADBD6-0464-4D4A-80E8-FC962A36128F}.Release|x86.Build.0 = Release|Win32
	EndGlobalSection
	GlobalSection(SolutionProperties) = preSolution
		HideSolutionNode = FALSE
	EndGlobalSection
	GlobalSection(ExtensibilityGlobals) = postSolution
		SolutionGuid = {D7B3EBA2-09B8-4FC1-9B45-26F292D799D3}
	EndGlobalSection
EndGlobal
